// !$*UTF8*$!
{
	archiveVersion = 1;
	classes = {
	};
	objectVersion = 50;
	objects = {

/* Begin PBXBuildFile section */
		E17E0EC124409D1200744645 /* Module.swift in Sources */ = {isa = PBXBuildFile; fileRef = E17E0EC024409D1200744645 /* Module.swift */; };
		E18BBBE2243F8FB600E67B68 /* AppDelegate.swift in Sources */ = {isa = PBXBuildFile; fileRef = E18BBBE1243F8FB600E67B68 /* AppDelegate.swift */; };
		E18BBBE4243F8FB600E67B68 /* SceneDelegate.swift in Sources */ = {isa = PBXBuildFile; fileRef = E18BBBE3243F8FB600E67B68 /* SceneDelegate.swift */; };
		E18BBBE6243F8FB600E67B68 /* ViewController.swift in Sources */ = {isa = PBXBuildFile; fileRef = E18BBBE5243F8FB600E67B68 /* ViewController.swift */; };
		E18BBBE9243F8FB600E67B68 /* Main.storyboard in Resources */ = {isa = PBXBuildFile; fileRef = E18BBBE7243F8FB600E67B68 /* Main.storyboard */; };
		E18BBBEB243F8FB800E67B68 /* Assets.xcassets in Resources */ = {isa = PBXBuildFile; fileRef = E18BBBEA243F8FB800E67B68 /* Assets.xcassets */; };
		E18BBBEE243F8FB800E67B68 /* LaunchScreen.storyboard in Resources */ = {isa = PBXBuildFile; fileRef = E18BBBEC243F8FB800E67B68 /* LaunchScreen.storyboard */; };
		E18BBBF9243F8FB800E67B68 /* JSONSerialTests.swift in Sources */ = {isa = PBXBuildFile; fileRef = E18BBBF8243F8FB800E67B68 /* JSONSerialTests.swift */; };
		E18BBC04243F8FB800E67B68 /* JSONSerialUITests.swift in Sources */ = {isa = PBXBuildFile; fileRef = E18BBC03243F8FB800E67B68 /* JSONSerialUITests.swift */; };
/* End PBXBuildFile section */

/* Begin PBXContainerItemProxy section */
		E18BBBF5243F8FB800E67B68 /* PBXContainerItemProxy */ = {
			isa = PBXContainerItemProxy;
			containerPortal = E18BBBD6243F8FB600E67B68 /* Project object */;
			proxyType = 1;
			remoteGlobalIDString = E18BBBDD243F8FB600E67B68;
			remoteInfo = JSONSerial;
		};
		E18BBC00243F8FB800E67B68 /* PBXContainerItemProxy */ = {
			isa = PBXContainerItemProxy;
			containerPortal = E18BBBD6243F8FB600E67B68 /* Project object */;
			proxyType = 1;
			remoteGlobalIDString = E18BBBDD243F8FB600E67B68;
			remoteInfo = JSONSerial;
		};
/* End PBXContainerItemProxy section */

/* Begin PBXFileReference section */
		E17E0EC024409D1200744645 /* Module.swift */ = {isa = PBXFileReference; lastKnownFileType = sourcecode.swift; path = Module.swift; sourceTree = "<group>"; };
		E18BBBDE243F8FB600E67B68 /* JSONSerial.app */ = {isa = PBXFileReference; explicitFileType = wrapper.application; includeInIndex = 0; path = JSONSerial.app; sourceTree = BUILT_PRODUCTS_DIR; };
		E18BBBE1243F8FB600E67B68 /* AppDelegate.swift */ = {isa = PBXFileReference; lastKnownFileType = sourcecode.swift; path = AppDelegate.swift; sourceTree = "<group>"; };
		E18BBBE3243F8FB600E67B68 /* SceneDelegate.swift */ = {isa = PBXFileReference; lastKnownFileType = sourcecode.swift; path = SceneDelegate.swift; sourceTree = "<group>"; };
		E18BBBE5243F8FB600E67B68 /* ViewController.swift */ = {isa = PBXFileReference; lastKnownFileType = sourcecode.swift; path = ViewController.swift; sourceTree = "<group>"; };
		E18BBBE8243F8FB600E67B68 /* Base */ = {isa = PBXFileReference; lastKnownFileType = file.storyboard; name = Base; path = Base.lproj/Main.storyboard; sourceTree = "<group>"; };
		E18BBBEA243F8FB800E67B68 /* Assets.xcassets */ = {isa = PBXFileReference; lastKnownFileType = folder.assetcatalog; path = Assets.xcassets; sourceTree = "<group>"; };
		E18BBBED243F8FB800E67B68 /* Base */ = {isa = PBXFileReference; lastKnownFileType = file.storyboard; name = Base; path = Base.lproj/LaunchScreen.storyboard; sourceTree = "<group>"; };
		E18BBBEF243F8FB800E67B68 /* Info.plist */ = {isa = PBXFileReference; lastKnownFileType = text.plist.xml; path = Info.plist; sourceTree = "<group>"; };
		E18BBBF4243F8FB800E67B68 /* JSONSerialTests.xctest */ = {isa = PBXFileReference; explicitFileType = wrapper.cfbundle; includeInIndex = 0; path = JSONSerialTests.xctest; sourceTree = BUILT_PRODUCTS_DIR; };
		E18BBBF8243F8FB800E67B68 /* JSONSerialTests.swift */ = {isa = PBXFileReference; lastKnownFileType = sourcecode.swift; path = JSONSerialTests.swift; sourceTree = "<group>"; };
		E18BBBFA243F8FB800E67B68 /* Info.plist */ = {isa = PBXFileReference; lastKnownFileType = text.plist.xml; path = Info.plist; sourceTree = "<group>"; };
		E18BBBFF243F8FB800E67B68 /* JSONSerialUITests.xctest */ = {isa = PBXFileReference; explicitFileType = wrapper.cfbundle; includeInIndex = 0; path = JSONSerialUITests.xctest; sourceTree = BUILT_PRODUCTS_DIR; };
		E18BBC03243F8FB800E67B68 /* JSONSerialUITests.swift */ = {isa = PBXFileReference; lastKnownFileType = sourcecode.swift; path = JSONSerialUITests.swift; sourceTree = "<group>"; };
		E18BBC05243F8FB800E67B68 /* Info.plist */ = {isa = PBXFileReference; lastKnownFileType = text.plist.xml; path = Info.plist; sourceTree = "<group>"; };
/* End PBXFileReference section */

/* Begin PBXFrameworksBuildPhase section */
		E18BBBDB243F8FB600E67B68 /* Frameworks */ = {
			isa = PBXFrameworksBuildPhase;
			buildActionMask = 2147483647;
			files = (
			);
			runOnlyForDeploymentPostprocessing = 0;
		};
		E18BBBF1243F8FB800E67B68 /* Frameworks */ = {
			isa = PBXFrameworksBuildPhase;
			buildActionMask = 2147483647;
			files = (
			);
			runOnlyForDeploymentPostprocessing = 0;
		};
		E18BBBFC243F8FB800E67B68 /* Frameworks */ = {
			isa = PBXFrameworksBuildPhase;
			buildActionMask = 2147483647;
			files = (
			);
			runOnlyForDeploymentPostprocessing = 0;
		};
/* End PBXFrameworksBuildPhase section */

/* Begin PBXGroup section */
		E18BBBD5243F8FB600E67B68 = {
			isa = PBXGroup;
			children = (
				E18BBBE0243F8FB600E67B68 /* JSONSerial */,
				E18BBBF7243F8FB800E67B68 /* JSONSerialTests */,
				E18BBC02243F8FB800E67B68 /* JSONSerialUITests */,
				E18BBBDF243F8FB600E67B68 /* Products */,
			);
			sourceTree = "<group>";
		};
		E18BBBDF243F8FB600E67B68 /* Products */ = {
			isa = PBXGroup;
			children = (
				E18BBBDE243F8FB600E67B68 /* JSONSerial.app */,
				E18BBBF4243F8FB800E67B68 /* JSONSerialTests.xctest */,
				E18BBBFF243F8FB800E67B68 /* JSONSerialUITests.xctest */,
			);
			name = Products;
			sourceTree = "<group>";
		};
		E18BBBE0243F8FB600E67B68 /* JSONSerial */ = {
			isa = PBXGroup;
			children = (
				E18BBBE1243F8FB600E67B68 /* AppDelegate.swift */,
				E18BBBE3243F8FB600E67B68 /* SceneDelegate.swift */,
				E18BBBE5243F8FB600E67B68 /* ViewController.swift */,
				E18BBBE7243F8FB600E67B68 /* Main.storyboard */,
				E18BBBEA243F8FB800E67B68 /* Assets.xcassets */,
				E18BBBEC243F8FB800E67B68 /* LaunchScreen.storyboard */,
				E18BBBEF243F8FB800E67B68 /* Info.plist */,
				E17E0EC024409D1200744645 /* Module.swift */,
			);
			path = JSONSerial;
			sourceTree = "<group>";
		};
		E18BBBF7243F8FB800E67B68 /* JSONSerialTests */ = {
			isa = PBXGroup;
			children = (
				E18BBBF8243F8FB800E67B68 /* JSONSerialTests.swift */,
				E18BBBFA243F8FB800E67B68 /* Info.plist */,
			);
			path = JSONSerialTests;
			sourceTree = "<group>";
		};
		E18BBC02243F8FB800E67B68 /* JSONSerialUITests */ = {
			isa = PBXGroup;
			children = (
				E18BBC03243F8FB800E67B68 /* JSONSerialUITests.swift */,
				E18BBC05243F8FB800E67B68 /* Info.plist */,
			);
			path = JSONSerialUITests;
			sourceTree = "<group>";
		};
/* End PBXGroup section */

/* Begin PBXNativeTarget section */
		E18BBBDD243F8FB600E67B68 /* JSONSerial */ = {
			isa = PBXNativeTarget;
			buildConfigurationList = E18BBC08243F8FB800E67B68 /* Build configuration list for PBXNativeTarget "JSONSerial" */;
			buildPhases = (
				E18BBBDA243F8FB600E67B68 /* Sources */,
				E18BBBDB243F8FB600E67B68 /* Frameworks */,
				E18BBBDC243F8FB600E67B68 /* Resources */,
			);
			buildRules = (
			);
			dependencies = (
			);
			name = JSONSerial;
			productName = JSONSerial;
			productReference = E18BBBDE243F8FB600E67B68 /* JSONSerial.app */;
			productType = "com.apple.product-type.application";
		};
		E18BBBF3243F8FB800E67B68 /* JSONSerialTests */ = {
			isa = PBXNativeTarget;
			buildConfigurationList = E18BBC0B243F8FB800E67B68 /* Build configuration list for PBXNativeTarget "JSONSerialTests" */;
			buildPhases = (
				E18BBBF0243F8FB800E67B68 /* Sources */,
				E18BBBF1243F8FB800E67B68 /* Frameworks */,
				E18BBBF2243F8FB800E67B68 /* Resources */,
			);
			buildRules = (
			);
			dependencies = (
				E18BBBF6243F8FB800E67B68 /* PBXTargetDependency */,
			);
			name = JSONSerialTests;
			productName = JSONSerialTests;
			productReference = E18BBBF4243F8FB800E67B68 /* JSONSerialTests.xctest */;
			productType = "com.apple.product-type.bundle.unit-test";
		};
		E18BBBFE243F8FB800E67B68 /* JSONSerialUITests */ = {
			isa = PBXNativeTarget;
			buildConfigurationList = E18BBC0E243F8FB800E67B68 /* Build configuration list for PBXNativeTarget "JSONSerialUITests" */;
			buildPhases = (
				E18BBBFB243F8FB800E67B68 /* Sources */,
				E18BBBFC243F8FB800E67B68 /* Frameworks */,
				E18BBBFD243F8FB800E67B68 /* Resources */,
			);
			buildRules = (
			);
			dependencies = (
				E18BBC01243F8FB800E67B68 /* PBXTargetDependency */,
			);
			name = JSONSerialUITests;
			productName = JSONSerialUITests;
			productReference = E18BBBFF243F8FB800E67B68 /* JSONSerialUITests.xctest */;
			productType = "com.apple.product-type.bundle.ui-testing";
		};
/* End PBXNativeTarget section */

/* Begin PBXProject section */
		E18BBBD6243F8FB600E67B68 /* Project object */ = {
			isa = PBXProject;
			attributes = {
				LastSwiftUpdateCheck = 1130;
				LastUpgradeCheck = 1130;
				ORGANIZATIONNAME = "Shreyansh Raj";
				TargetAttributes = {
					E18BBBDD243F8FB600E67B68 = {
						CreatedOnToolsVersion = 11.3.1;
					};
					E18BBBF3243F8FB800E67B68 = {
						CreatedOnToolsVersion = 11.3.1;
						TestTargetID = E18BBBDD243F8FB600E67B68;
					};
					E18BBBFE243F8FB800E67B68 = {
						CreatedOnToolsVersion = 11.3.1;
						TestTargetID = E18BBBDD243F8FB600E67B68;
					};
				};
			};
			buildConfigurationList = E18BBBD9243F8FB600E67B68 /* Build configuration list for PBXProject "JSONSerial" */;
			compatibilityVersion = "Xcode 9.3";
			developmentRegion = en;
			hasScannedForEncodings = 0;
			knownRegions = (
				en,
				Base,
			);
			mainGroup = E18BBBD5243F8FB600E67B68;
			productRefGroup = E18BBBDF243F8FB600E67B68 /* Products */;
			projectDirPath = "";
			projectRoot = "";
			targets = (
				E18BBBDD243F8FB600E67B68 /* JSONSerial */,
				E18BBBF3243F8FB800E67B68 /* JSONSerialTests */,
				E18BBBFE243F8FB800E67B68 /* JSONSerialUITests */,
			);
		};
/* End PBXProject section */

/* Begin PBXResourcesBuildPhase section */
		E18BBBDC243F8FB600E67B68 /* Resources */ = {
			isa = PBXResourcesBuildPhase;
			buildActionMask = 2147483647;
			files = (
				E18BBBEE243F8FB800E67B68 /* LaunchScreen.storyboard in Resources */,
				E18BBBEB243F8FB800E67B68 /* Assets.xcassets in Resources */,
				E18BBBE9243F8FB600E67B68 /* Main.storyboard in Resources */,
			);
			runOnlyForDeploymentPostprocessing = 0;
		};
		E18BBBF2243F8FB800E67B68 /* Resources */ = {
			isa = PBXResourcesBuildPhase;
			buildActionMask = 2147483647;
			files = (
			);
			runOnlyForDeploymentPostprocessing = 0;
		};
		E18BBBFD243F8FB800E67B68 /* Resources */ = {
			isa = PBXResourcesBuildPhase;
			buildActionMask = 2147483647;
			files = (
			);
			runOnlyForDeploymentPostprocessing = 0;
		};
/* End PBXResourcesBuildPhase section */

/* Begin PBXSourcesBuildPhase section */
		E18BBBDA243F8FB600E67B68 /* Sources */ = {
			isa = PBXSourcesBuildPhase;
			buildActionMask = 2147483647;
			files = (
				E18BBBE6243F8FB600E67B68 /* ViewController.swift in Sources */,
				E17E0EC124409D1200744645 /* Module.swift in Sources */,
				E18BBBE2243F8FB600E67B68 /* AppDelegate.swift in Sources */,
				E18BBBE4243F8FB600E67B68 /* SceneDelegate.swift in Sources */,
			);
			runOnlyForDeploymentPostprocessing = 0;
		};
		E18BBBF0243F8FB800E67B68 /* Sources */ = {
			isa = PBXSourcesBuildPhase;
			buildActionMask = 2147483647;
			files = (
				E18BBBF9243F8FB800E67B68 /* JSONSerialTests.swift in Sources */,
			);
			runOnlyForDeploymentPostprocessing = 0;
		};
		E18BBBFB243F8FB800E67B68 /* Sources */ = {
			isa = PBXSourcesBuildPhase;
			buildActionMask = 2147483647;
			files = (
				E18BBC04243F8FB800E67B68 /* JSONSerialUITests.swift in Sources */,
			);
			runOnlyForDeploymentPostprocessing = 0;
		};
/* End PBXSourcesBuildPhase section */

/* Begin PBXTargetDependency section */
		E18BBBF6243F8FB800E67B68 /* PBXTargetDependency */ = {
			isa = PBXTargetDependency;
			target = E18BBBDD243F8FB600E67B68 /* JSONSerial */;
			targetProxy = E18BBBF5243F8FB800E67B68 /* PBXContainerItemProxy */;
		};
		E18BBC01243F8FB800E67B68 /* PBXTargetDependency */ = {
			isa = PBXTargetDependency;
			target = E18BBBDD243F8FB600E67B68 /* JSONSerial */;
			targetProxy = E18BBC00243F8FB800E67B68 /* PBXContainerItemProxy */;
		};
/* End PBXTargetDependency section */

/* Begin PBXVariantGroup section */
		E18BBBE7243F8FB600E67B68 /* Main.storyboard */ = {
			isa = PBXVariantGroup;
			children = (
				E18BBBE8243F8FB600E67B68 /* Base */,
			);
			name = Main.storyboard;
			sourceTree = "<group>";
		};
		E18BBBEC243F8FB800E67B68 /* LaunchScreen.storyboard */ = {
			isa = PBXVariantGroup;
			children = (
				E18BBBED243F8FB800E67B68 /* Base */,
			);
			name = LaunchScreen.storyboard;
			sourceTree = "<group>";
		};
/* End PBXVariantGroup section */

/* Begin XCBuildConfiguration section */
		E18BBC06243F8FB800E67B68 /* Debug */ = {
			isa = XCBuildConfiguration;
			buildSettings = {
				ALWAYS_SEARCH_USER_PATHS = NO;
				CLANG_ANALYZER_NONNULL = YES;
				CLANG_ANALYZER_NUMBER_OBJECT_CONVERSION = YES_AGGRESSIVE;
				CLANG_CXX_LANGUAGE_STANDARD = "gnu++14";
				CLANG_CXX_LIBRARY = "libc++";
				CLANG_ENABLE_MODULES = YES;
				CLANG_ENABLE_OBJC_ARC = YES;
				CLANG_ENABLE_OBJC_WEAK = YES;
				CLANG_WARN_BLOCK_CAPTURE_AUTORELEASING = YES;
				CLANG_WARN_BOOL_CONVERSION = YES;
				CLANG_WARN_COMMA = YES;
				CLANG_WARN_CONSTANT_CONVERSION = YES;
				CLANG_WARN_DEPRECATED_OBJC_IMPLEMENTATIONS = YES;
				CLANG_WARN_DIRECT_OBJC_ISA_USAGE = YES_ERROR;
				CLANG_WARN_DOCUMENTATION_COMMENTS = YES;
				CLANG_WARN_EMPTY_BODY = YES;
				CLANG_WARN_ENUM_CONVERSION = YES;
				CLANG_WARN_INFINITE_RECURSION = YES;
				CLANG_WARN_INT_CONVERSION = YES;
				CLANG_WARN_NON_LITERAL_NULL_CONVERSION = YES;
				CLANG_WARN_OBJC_IMPLICIT_RETAIN_SELF = YES;
				CLANG_WARN_OBJC_LITERAL_CONVERSION = YES;
				CLANG_WARN_OBJC_ROOT_CLASS = YES_ERROR;
				CLANG_WARN_RANGE_LOOP_ANALYSIS = YES;
				CLANG_WARN_STRICT_PROTOTYPES = YES;
				CLANG_WARN_SUSPICIOUS_MOVE = YES;
				CLANG_WARN_UNGUARDED_AVAILABILITY = YES_AGGRESSIVE;
				CLANG_WARN_UNREACHABLE_CODE = YES;
				CLANG_WARN__DUPLICATE_METHOD_MATCH = YES;
				COPY_PHASE_STRIP = NO;
				DEBUG_INFORMATION_FORMAT = dwarf;
				ENABLE_STRICT_OBJC_MSGSEND = YES;
				ENABLE_TESTABILITY = YES;
				GCC_C_LANGUAGE_STANDARD = gnu11;
				GCC_DYNAMIC_NO_PIC = NO;
				GCC_NO_COMMON_BLOCKS = YES;
				GCC_OPTIMIZATION_LEVEL = 0;
				GCC_PREPROCESSOR_DEFINITIONS = (
					"DEBUG=1",
					"$(inherited)",
				);
				GCC_WARN_64_TO_32_BIT_CONVERSION = YES;
				GCC_WARN_ABOUT_RETURN_TYPE = YES_ERROR;
				GCC_WARN_UNDECLARED_SELECTOR = YES;
				GCC_WARN_UNINITIALIZED_AUTOS = YES_AGGRESSIVE;
				GCC_WARN_UNUSED_FUNCTION = YES;
				GCC_WARN_UNUSED_VARIABLE = YES;
				IPHONEOS_DEPLOYMENT_TARGET = 13.2;
				MTL_ENABLE_DEBUG_INFO = INCLUDE_SOURCE;
				MTL_FAST_MATH = YES;
				ONLY_ACTIVE_ARCH = YES;
				SDKROOT = iphoneos;
				SWIFT_ACTIVE_COMPILATION_CONDITIONS = DEBUG;
				SWIFT_OPTIMIZATION_LEVEL = "-Onone";
			};
			name = Debug;
		};
		E18BBC07243F8FB800E67B68 /* Release */ = {
			isa = XCBuildConfiguration;
			buildSettings = {
				ALWAYS_SEARCH_USER_PATHS = NO;
				CLANG_ANALYZER_NONNULL = YES;
				CLANG_ANALYZER_NUMBER_OBJECT_CONVERSION = YES_AGGRESSIVE;
				CLANG_CXX_LANGUAGE_STANDARD = "gnu++14";
				CLANG_CXX_LIBRARY = "libc++";
				CLANG_ENABLE_MODULES = YES;
				CLANG_ENABLE_OBJC_ARC = YES;
				CLANG_ENABLE_OBJC_WEAK = YES;
				CLANG_WARN_BLOCK_CAPTURE_AUTORELEASING = YES;
				CLANG_WARN_BOOL_CONVERSION = YES;
				CLANG_WARN_COMMA = YES;
				CLANG_WARN_CONSTANT_CONVERSION = YES;
				CLANG_WARN_DEPRECATED_OBJC_IMPLEMENTATIONS = YES;
				CLANG_WARN_DIRECT_OBJC_ISA_USAGE = YES_ERROR;
				CLANG_WARN_DOCUMENTATION_COMMENTS = YES;
				CLANG_WARN_EMPTY_BODY = YES;
				CLANG_WARN_ENUM_CONVERSION = YES;
				CLANG_WARN_INFINITE_RECURSION = YES;
				CLANG_WARN_INT_CONVERSION = YES;
				CLANG_WARN_NON_LITERAL_NULL_CONVERSION = YES;
				CLANG_WARN_OBJC_IMPLICIT_RETAIN_SELF = YES;
				CLANG_WARN_OBJC_LITERAL_CONVERSION = YES;
				CLANG_WARN_OBJC_ROOT_CLASS = YES_ERROR;
				CLANG_WARN_RANGE_LOOP_ANALYSIS = YES;
				CLANG_WARN_STRICT_PROTOTYPES = YES;
				CLANG_WARN_SUSPICIOUS_MOVE = YES;
				CLANG_WARN_UNGUARDED_AVAILABILITY = YES_AGGRESSIVE;
				CLANG_WARN_UNREACHABLE_CODE = YES;
				CLANG_WARN__DUPLICATE_METHOD_MATCH = YES;
				COPY_PHASE_STRIP = NO;
				DEBUG_INFORMATION_FORMAT = "dwarf-with-dsym";
				ENABLE_NS_ASSERTIONS = NO;
				ENABLE_STRICT_OBJC_MSGSEND = YES;
				GCC_C_LANGUAGE_STANDARD = gnu11;
				GCC_NO_COMMON_BLOCKS = YES;
				GCC_WARN_64_TO_32_BIT_CONVERSION = YES;
				GCC_WARN_ABOUT_RETURN_TYPE = YES_ERROR;
				GCC_WARN_UNDECLARED_SELECTOR = YES;
				GCC_WARN_UNINITIALIZED_AUTOS = YES_AGGRESSIVE;
				GCC_WARN_UNUSED_FUNCTION = YES;
				GCC_WARN_UNUSED_VARIABLE = YES;
				IPHONEOS_DEPLOYMENT_TARGET = 13.2;
				MTL_ENABLE_DEBUG_INFO = NO;
				MTL_FAST_MATH = YES;
				SDKROOT = iphoneos;
				SWIFT_COMPILATION_MODE = wholemodule;
				SWIFT_OPTIMIZATION_LEVEL = "-O";
				VALIDATE_PRODUCT = YES;
			};
			name = Release;
		};
		E18BBC09243F8FB800E67B68 /* Debug */ = {
			isa = XCBuildConfiguration;
			buildSettings = {
				ASSETCATALOG_COMPILER_APPICON_NAME = AppIcon;
				CODE_SIGN_STYLE = Automatic;
				INFOPLIST_FILE = JSONSerial/Info.plist;
				LD_RUNPATH_SEARCH_PATHS = (
					"$(inherited)",
					"@executable_path/Frameworks",
				);
				PRODUCT_BUNDLE_IDENTIFIER = com.shreyansh.JSONSerial;
				PRODUCT_NAME = "$(TARGET_NAME)";
				SWIFT_VERSION = 5.0;
				TARGETED_DEVICE_FAMILY = "1,2";
			};
			name = Debug;
		};
		E18BBC0A243F8FB800E67B68 /* Release */ = {
			isa = XCBuildConfiguration;
			buildSettings = {
				ASSETCATALOG_COMPILER_APPICON_NAME = AppIcon;
				CODE_SIGN_STYLE = Automatic;
				INFOPLIST_FILE = JSONSerial/Info.plist;
				LD_RUNPATH_SEARCH_PATHS = (
					"$(inherited)",
					"@executable_path/Frameworks",
				);
				PRODUCT_BUNDLE_IDENTIFIER = com.shreyansh.JSONSerial;
				PRODUCT_NAME = "$(TARGET_NAME)";
				SWIFT_VERSION = 5.0;
				TARGETED_DEVICE_FAMILY = "1,2";
			};
			name = Release;
		};
		E18BBC0C243F8FB800E67B68 /* Debug */ = {
			isa = XCBuildConfiguration;
			buildSettings = {
				ALWAYS_EMBED_SWIFT_STANDARD_LIBRARIES = YES;
				BUNDLE_LOADER = "$(TEST_HOST)";
				CODE_SIGN_STYLE = Automatic;
				INFOPLIST_FILE = JSONSerialTests/Info.plist;
				IPHONEOS_DEPLOYMENT_TARGET = 13.2;
				LD_RUNPATH_SEARCH_PATHS = (
					"$(inherited)",
					"@executable_path/Frameworks",
					"@loader_path/Frameworks",
				);
				PRODUCT_BUNDLE_IDENTIFIER = com.shreyansh.JSONSerialTests;
				PRODUCT_NAME = "$(TARGET_NAME)";
				SWIFT_VERSION = 5.0;
				TARGETED_DEVICE_FAMILY = "1,2";
				TEST_HOST = "$(BUILT_PRODUCTS_DIR)/JSONSerial.app/JSONSerial";
			};
			name = Debug;
		};
		E18BBC0D243F8FB800E67B68 /* Release */ = {
			isa = XCBuildConfiguration;
			buildSettings = {
				ALWAYS_EMBED_SWIFT_STANDARD_LIBRARIES = YES;
				BUNDLE_LOADER = "$(TEST_HOST)";
				CODE_SIGN_STYLE = Automatic;
				INFOPLIST_FILE = JSONSerialTests/Info.plist;
				IPHONEOS_DEPLOYMENT_TARGET = 13.2;
				LD_RUNPATH_SEARCH_PATHS = (
					"$(inherited)",
					"@executable_path/Frameworks",
					"@loader_path/Frameworks",
				);
				PRODUCT_BUNDLE_IDENTIFIER = com.shreyansh.JSONSerialTests;
				PRODUCT_NAME = "$(TARGET_NAME)";
				SWIFT_VERSION = 5.0;
				TARGETED_DEVICE_FAMILY = "1,2";
				TEST_HOST = "$(BUILT_PRODUCTS_DIR)/JSONSerial.app/JSONSerial";
			};
			name = Release;
		};
		E18BBC0F243F8FB800E67B68 /* Debug */ = {
			isa = XCBuildConfiguration;
			buildSettings = {
				ALWAYS_EMBED_SWIFT_STANDARD_LIBRARIES = YES;
				CODE_SIGN_STYLE = Automatic;
				INFOPLIST_FILE = JSONSerialUITests/Info.plist;
				LD_RUNPATH_SEARCH_PATHS = (
					"$(inherited)",
					"@executable_path/Frameworks",
					"@loader_path/Frameworks",
				);
				PRODUCT_BUNDLE_IDENTIFIER = com.shreyansh.JSONSerialUITests;
				PRODUCT_NAME = "$(TARGET_NAME)";
				SWIFT_VERSION = 5.0;
				TARGETED_DEVICE_FAMILY = "1,2";
				TEST_TARGET_NAME = JSONSerial;
			};
			name = Debug;
		};
		E18BBC10243F8FB800E67B68 /* Release */ = {
			isa = XCBuildConfiguration;
			buildSettings = {
				ALWAYS_EMBED_SWIFT_STANDARD_LIBRARIES = YES;
				CODE_SIGN_STYLE = Automatic;
				INFOPLIST_FILE = JSONSerialUITests/Info.plist;
				LD_RUNPATH_SEARCH_PATHS = (
					"$(inherited)",
					"@executable_path/Frameworks",
					"@loader_path/Frameworks",
				);
				PRODUCT_BUNDLE_IDENTIFIER = com.shreyansh.JSONSerialUITests;
				PRODUCT_NAME = "$(TARGET_NAME)";
				SWIFT_VERSION = 5.0;
				TARGETED_DEVICE_FAMILY = "1,2";
				TEST_TARGET_NAME = JSONSerial;
			};
			name = Release;
		};
/* End XCBuildConfiguration section */

/* Begin XCConfigurationList section */
		E18BBBD9243F8FB600E67B68 /* Build configuration list for PBXProject "JSONSerial" */ = {
			isa = XCConfigurationList;
			buildConfigurations = (
				E18BBC06243F8FB800E67B68 /* Debug */,
				E18BBC07243F8FB800E67B68 /* Release */,
			);
			defaultConfigurationIsVisible = 0;
			defaultConfigurationName = Release;
		};
		E18BBC08243F8FB800E67B68 /* Build configuration list for PBXNativeTarget "JSONSerial" */ = {
			isa = XCConfigurationList;
			buildConfigurations = (
				E18BBC09243F8FB800E67B68 /* Debug */,
				E18BBC0A243F8FB800E67B68 /* Release */,
			);
			defaultConfigurationIsVisible = 0;
			defaultConfigurationName = Release;
		};
		E18BBC0B243F8FB800E67B68 /* Build configuration list for PBXNativeTarget "JSONSerialTests" */ = {
			isa = XCConfigurationList;
			buildConfigurations = (
				E18BBC0C243F8FB800E67B68 /* Debug */,
				E18BBC0D243F8FB800E67B68 /* Release */,
			);
			defaultConfigurationIsVisible = 0;
			defaultConfigurationName = Release;
		};
		E18BBC0E243F8FB800E67B68 /* Build configuration list for PBXNativeTarget "JSONSerialUITests" */ = {
			isa = XCConfigurationList;
			buildConfigurations = (
				E18BBC0F243F8FB800E67B68 /* Debug */,
				E18BBC10243F8FB800E67B68 /* Release */,
			);
			defaultConfigurationIsVisible = 0;
			defaultConfigurationName = Release;
		};
/* End XCConfigurationList section */
	};
	rootObject = E18BBBD6243F8FB600E67B68 /* Project object */;
}
